// !$*UTF8*$!
{
	archiveVersion = 1;
	classes = {
	};
	objectVersion = 50;
	objects = {

/* Begin PBXBuildFile section */
		D318651B259B388A009BBC6E /* AppDelegate.swift in Sources */ = {isa = PBXBuildFile; fileRef = D318651A259B388A009BBC6E /* AppDelegate.swift */; };
		D318651D259B388A009BBC6E /* SceneDelegate.swift in Sources */ = {isa = PBXBuildFile; fileRef = D318651C259B388A009BBC6E /* SceneDelegate.swift */; };
		D318651F259B388A009BBC6E /* ViewController.swift in Sources */ = {isa = PBXBuildFile; fileRef = D318651E259B388A009BBC6E /* ViewController.swift */; };
		D3186522259B388A009BBC6E /* Main.storyboard in Resources */ = {isa = PBXBuildFile; fileRef = D3186520259B388A009BBC6E /* Main.storyboard */; };
		D3186524259B388D009BBC6E /* Assets.xcassets in Resources */ = {isa = PBXBuildFile; fileRef = D3186523259B388D009BBC6E /* Assets.xcassets */; };
		D3186527259B388D009BBC6E /* LaunchScreen.storyboard in Resources */ = {isa = PBXBuildFile; fileRef = D3186525259B388D009BBC6E /* LaunchScreen.storyboard */; };
		D318655C259D1A89009BBC6E /* ViewController2.swift in Sources */ = {isa = PBXBuildFile; fileRef = D318655B259D1A89009BBC6E /* ViewController2.swift */; };
/* End PBXBuildFile section */

/* Begin PBXFileReference section */
		D3186517259B388A009BBC6E /* traffic light.app */ = {isa = PBXFileReference; explicitFileType = wrapper.application; includeInIndex = 0; path = "traffic light.app"; sourceTree = BUILT_PRODUCTS_DIR; };
		D318651A259B388A009BBC6E /* AppDelegate.swift */ = {isa = PBXFileReference; lastKnownFileType = sourcecode.swift; path = AppDelegate.swift; sourceTree = "<group>"; };
		D318651C259B388A009BBC6E /* SceneDelegate.swift */ = {isa = PBXFileReference; lastKnownFileType = sourcecode.swift; path = SceneDelegate.swift; sourceTree = "<group>"; };
		D318651E259B388A009BBC6E /* ViewController.swift */ = {isa = PBXFileReference; lastKnownFileType = sourcecode.swift; path = ViewController.swift; sourceTree = "<group>"; };
		D3186521259B388A009BBC6E /* Base */ = {isa = PBXFileReference; lastKnownFileType = file.storyboard; name = Base; path = Base.lproj/Main.storyboard; sourceTree = "<group>"; };
		D3186523259B388D009BBC6E /* Assets.xcassets */ = {isa = PBXFileReference; lastKnownFileType = folder.assetcatalog; path = Assets.xcassets; sourceTree = "<group>"; };
		D3186526259B388D009BBC6E /* Base */ = {isa = PBXFileReference; lastKnownFileType = file.storyboard; name = Base; path = Base.lproj/LaunchScreen.storyboard; sourceTree = "<group>"; };
		D3186528259B388D009BBC6E /* Info.plist */ = {isa = PBXFileReference; lastKnownFileType = text.plist.xml; path = Info.plist; sourceTree = "<group>"; };
		D318655B259D1A89009BBC6E /* ViewController2.swift */ = {isa = PBXFileReference; lastKnownFileType = sourcecode.swift; path = ViewController2.swift; sourceTree = SOURCE_ROOT; };
/* End PBXFileReference section */

/* Begin PBXFrameworksBuildPhase section */
		D3186514259B388A009BBC6E /* Frameworks */ = {
			isa = PBXFrameworksBuildPhase;
			buildActionMask = 2147483647;
			files = (
			);
			runOnlyForDeploymentPostprocessing = 0;
		};
/* End PBXFrameworksBuildPhase section */

/* Begin PBXGroup section */
		D318650E259B388A009BBC6E = {
			isa = PBXGroup;
			children = (
				D3186519259B388A009BBC6E /* traffic light */,
				D3186518259B388A009BBC6E /* Products */,
			);
			sourceTree = "<group>";
		};
		D3186518259B388A009BBC6E /* Products */ = {
			isa = PBXGroup;
			children = (
				D3186517259B388A009BBC6E /* traffic light.app */,
			);
			name = Products;
			sourceTree = "<group>";
		};
		D3186519259B388A009BBC6E /* traffic light */ = {
			isa = PBXGroup;
			children = (
				D318651A259B388A009BBC6E /* AppDelegate.swift */,
				D318651C259B388A009BBC6E /* SceneDelegate.swift */,
				D318651E259B388A009BBC6E /* ViewController.swift */,
				D318655B259D1A89009BBC6E /* ViewController2.swift */,
				D3186520259B388A009BBC6E /* Main.storyboard */,
				D3186523259B388D009BBC6E /* Assets.xcassets */,
				D3186525259B388D009BBC6E /* LaunchScreen.storyboard */,
				D3186528259B388D009BBC6E /* Info.plist */,
			);
			path = "traffic light";
			sourceTree = "<group>";
		};
/* End PBXGroup section */

/* Begin PBXNativeTarget section */
		D3186516259B388A009BBC6E /* traffic light */ = {
			isa = PBXNativeTarget;
			buildConfigurationList = D318652B259B388D009BBC6E /* Build configuration list for PBXNativeTarget "traffic light" */;
			buildPhases = (
				D3186513259B388A009BBC6E /* Sources */,
				D3186514259B388A009BBC6E /* Frameworks */,
				D3186515259B388A009BBC6E /* Resources */,
			);
			buildRules = (
			);
			dependencies = (
			);
			name = "traffic light";
			productName = "traffic light";
			productReference = D3186517259B388A009BBC6E /* traffic light.app */;
			productType = "com.apple.product-type.application";
		};
/* End PBXNativeTarget section */

/* Begin PBXProject section */
		D318650F259B388A009BBC6E /* Project object */ = {
			isa = PBXProject;
			attributes = {
				LastSwiftUpdateCheck = 1230;
				LastUpgradeCheck = 1230;
				TargetAttributes = {
					D3186516259B388A009BBC6E = {
						CreatedOnToolsVersion = 12.3;
					};
				};
			};
			buildConfigurationList = D3186512259B388A009BBC6E /* Build configuration list for PBXProject "traffic light" */;
			compatibilityVersion = "Xcode 9.3";
			developmentRegion = en;
			hasScannedForEncodings = 0;
			knownRegions = (
				en,
				Base,
			);
			mainGroup = D318650E259B388A009BBC6E;
			productRefGroup = D3186518259B388A009BBC6E /* Products */;
			projectDirPath = "";
			projectRoot = "";
			targets = (
				D3186516259B388A009BBC6E /* traffic light */,
			);
		};
/* End PBXProject section */

/* Begin PBXResourcesBuildPhase section */
		D3186515259B388A009BBC6E /* Resources */ = {
			isa = PBXResourcesBuildPhase;
			buildActionMask = 2147483647;
			files = (
				D3186527259B388D009BBC6E /* LaunchScreen.storyboard in Resources */,
				D3186524259B388D009BBC6E /* Assets.xcassets in Resources */,
				D3186522259B388A009BBC6E /* Main.storyboard in Resources */,
			);
			runOnlyForDeploymentPostprocessing = 0;
		};
/* End PBXResourcesBuildPhase section */

/* Begin PBXSourcesBuildPhase section */
		D3186513259B388A009BBC6E /* Sources */ = {
			isa = PBXSourcesBuildPhase;
			buildActionMask = 2147483647;
			files = (
				D318651F259B388A009BBC6E /* ViewController.swift in Sources */,
				D318655C259D1A89009BBC6E /* ViewController2.swift in Sources */,
				D318651B259B388A009BBC6E /* AppDelegate.swift in Sources */,
				D318651D259B388A009BBC6E /* SceneDelegate.swift in Sources */,
			);
			runOnlyForDeploymentPostprocessing = 0;
		};
/* End PBXSourcesBuildPhase section */

/* Begin PBXVariantGroup section */
		D3186520259B388A009BBC6E /* Main.storyboard */ = {
			isa = PBXVariantGroup;
			children = (
				D3186521259B388A009BBC6E /* Base */,
			);
			name = Main.storyboard;
			sourceTree = "<group>";
		};
		D3186525259B388D009BBC6E /* LaunchScreen.storyboard */ = {
			isa = PBXVariantGroup;
			children = (
				D3186526259B388D009BBC6E /* Base */,
			);
			name = LaunchScreen.storyboard;
			sourceTree = "<group>";
		};
/* End PBXVariantGroup section */

/* Begin XCBuildConfiguration section */
		D3186529259B388D009BBC6E /* Debug */ = {
			isa = XCBuildConfiguration;
			buildSettings = {
				ALWAYS_SEARCH_USER_PATHS = NO;
				CLANG_ANALYZER_NONNULL = YES;
				CLANG_ANALYZER_NUMBER_OBJECT_CONVERSION = YES_AGGRESSIVE;
				CLANG_CXX_LANGUAGE_STANDARD = "gnu++14";
				CLANG_CXX_LIBRARY = "libc++";
				CLANG_ENABLE_MODULES = YES;
				CLANG_ENABLE_OBJC_ARC = YES;
				CLANG_ENABLE_OBJC_WEAK = YES;
				CLANG_WARN_BLOCK_CAPTURE_AUTORELEASING = YES;
				CLANG_WARN_BOOL_CONVERSION = YES;
				CLANG_WARN_COMMA = YES;
				CLANG_WARN_CONSTANT_CONVERSION = YES;
				CLANG_WARN_DEPRECATED_OBJC_IMPLEMENTATIONS = YES;
				CLANG_WARN_DIRECT_OBJC_ISA_USAGE = YES_ERROR;
				CLANG_WARN_DOCUMENTATION_COMMENTS = YES;
				CLANG_WARN_EMPTY_BODY = YES;
				CLANG_WARN_ENUM_CONVERSION = YES;
				CLANG_WARN_INFINITE_RECURSION = YES;
				CLANG_WARN_INT_CONVERSION = YES;
				CLANG_WARN_NON_LITERAL_NULL_CONVERSION = YES;
				CLANG_WARN_OBJC_IMPLICIT_RETAIN_SELF = YES;
				CLANG_WARN_OBJC_LITERAL_CONVERSION = YES;
				CLANG_WARN_OBJC_ROOT_CLASS = YES_ERROR;
				CLANG_WARN_QUOTED_INCLUDE_IN_FRAMEWORK_HEADER = YES;
				CLANG_WARN_RANGE_LOOP_ANALYSIS = YES;
				CLANG_WARN_STRICT_PROTOTYPES = YES;
				CLANG_WARN_SUSPICIOUS_MOVE = YES;
				CLANG_WARN_UNGUARDED_AVAILABILITY = YES_AGGRESSIVE;
				CLANG_WARN_UNREACHABLE_CODE = YES;
				CLANG_WARN__DUPLICATE_METHOD_MATCH = YES;
				COPY_PHASE_STRIP = NO;
				DEBUG_INFORMATION_FORMAT = dwarf;
				ENABLE_STRICT_OBJC_MSGSEND = YES;
				ENABLE_TESTABILITY = YES;
				GCC_C_LANGUAGE_STANDARD = gnu11;
				GCC_DYNAMIC_NO_PIC = NO;
				GCC_NO_COMMON_BLOCKS = YES;
				GCC_OPTIMIZATION_LEVEL = 0;
				GCC_PREPROCESSOR_DEFINITIONS = (
					"DEBUG=1",
					"$(inherited)",
				);
				GCC_WARN_64_TO_32_BIT_CONVERSION = YES;
				GCC_WARN_ABOUT_RETURN_TYPE = YES_ERROR;
				GCC_WARN_UNDECLARED_SELECTOR = YES;
				GCC_WARN_UNINITIALIZED_AUTOS = YES_AGGRESSIVE;
				GCC_WARN_UNUSED_FUNCTION = YES;
				GCC_WARN_UNUSED_VARIABLE = YES;
				IPHONEOS_DEPLOYMENT_TARGET = 14.3;
				MTL_ENABLE_DEBUG_INFO = INCLUDE_SOURCE;
				MTL_FAST_MATH = YES;
				ONLY_ACTIVE_ARCH = YES;
				SDKROOT = iphoneos;
				SWIFT_ACTIVE_COMPILATION_CONDITIONS = DEBUG;
				SWIFT_OPTIMIZATION_LEVEL = "-Onone";
			};
			name = Debug;
		};
		D318652A259B388D009BBC6E /* Release */ = {
			isa = XCBuildConfiguration;
			buildSettings = {
				ALWAYS_SEARCH_USER_PATHS = NO;
				CLANG_ANALYZER_NONNULL = YES;
				CLANG_ANALYZER_NUMBER_OBJECT_CONVERSION = YES_AGGRESSIVE;
				CLANG_CXX_LANGUAGE_STANDARD = "gnu++14";
				CLANG_CXX_LIBRARY = "libc++";
				CLANG_ENABLE_MODULES = YES;
				CLANG_ENABLE_OBJC_ARC = YES;
				CLANG_ENABLE_OBJC_WEAK = YES;
				CLANG_WARN_BLOCK_CAPTURE_AUTORELEASING = YES;
				CLANG_WARN_BOOL_CONVERSION = YES;
				CLANG_WARN_COMMA = YES;
				CLANG_WARN_CONSTANT_CONVERSION = YES;
				CLANG_WARN_DEPRECATED_OBJC_IMPLEMENTATIONS = YES;
				CLANG_WARN_DIRECT_OBJC_ISA_USAGE = YES_ERROR;
				CLANG_WARN_DOCUMENTATION_COMMENTS = YES;
				CLANG_WARN_EMPTY_BODY = YES;
				CLANG_WARN_ENUM_CONVERSION = YES;
				CLANG_WARN_INFINITE_RECURSION = YES;
				CLANG_WARN_INT_CONVERSION = YES;
				CLANG_WARN_NON_LITERAL_NULL_CONVERSION = YES;
				CLANG_WARN_OBJC_IMPLICIT_RETAIN_SELF = YES;
				CLANG_WARN_OBJC_LITERAL_CONVERSION = YES;
				CLANG_WARN_OBJC_ROOT_CLASS = YES_ERROR;
				CLANG_WARN_QUOTED_INCLUDE_IN_FRAMEWORK_HEADER = YES;
				CLANG_WARN_RANGE_LOOP_ANALYSIS = YES;
				CLANG_WARN_STRICT_PROTOTYPES = YES;
				CLANG_WARN_SUSPICIOUS_MOVE = YES;
				CLANG_WARN_UNGUARDED_AVAILABILITY = YES_AGGRESSIVE;
				CLANG_WARN_UNREACHABLE_CODE = YES;
				CLANG_WARN__DUPLICATE_METHOD_MATCH = YES;
				COPY_PHASE_STRIP = NO;
				DEBUG_INFORMATION_FORMAT = "dwarf-with-dsym";
				ENABLE_NS_ASSERTIONS = NO;
				ENABLE_STRICT_OBJC_MSGSEND = YES;
				GCC_C_LANGUAGE_STANDARD = gnu11;
				GCC_NO_COMMON_BLOCKS = YES;
				GCC_WARN_64_TO_32_BIT_CONVERSION = YES;
				GCC_WARN_ABOUT_RETURN_TYPE = YES_ERROR;
				GCC_WARN_UNDECLARED_SELECTOR = YES;
				GCC_WARN_UNINITIALIZED_AUTOS = YES_AGGRESSIVE;
				GCC_WARN_UNUSED_FUNCTION = YES;
				GCC_WARN_UNUSED_VARIABLE = YES;
				IPHONEOS_DEPLOYMENT_TARGET = 14.3;
				MTL_ENABLE_DEBUG_INFO = NO;
				MTL_FAST_MATH = YES;
				SDKROOT = iphoneos;
				SWIFT_COMPILATION_MODE = wholemodule;
				SWIFT_OPTIMIZATION_LEVEL = "-O";
				VALIDATE_PRODUCT = YES;
			};
			name = Release;
		};
		D318652C259B388D009BBC6E /* Debug */ = {
			isa = XCBuildConfiguration;
			buildSettings = {
				ASSETCATALOG_COMPILER_APPICON_NAME = AppIcon;
				ASSETCATALOG_COMPILER_GLOBAL_ACCENT_COLOR_NAME = AccentColor;
				CODE_SIGN_STYLE = Automatic;
				DEVELOPMENT_TEAM = 35CZ92B3X5;
				INFOPLIST_FILE = "traffic light/Info.plist";
				LD_RUNPATH_SEARCH_PATHS = (
					"$(inherited)",
					"@executable_path/Frameworks",
				);
				PRODUCT_BUNDLE_IDENTIFIER = "nailzed.traffic-light";
				PRODUCT_NAME = "$(TARGET_NAME)";
				SWIFT_VERSION = 5.0;
				TARGETED_DEVICE_FAMILY = "1,2";
			};
			name = Debug;
		};
		D318652D259B388D009BBC6E /* Release */ = {
			isa = XCBuildConfiguration;
			buildSettings = {
				ASSETCATALOG_COMPILER_APPICON_NAME = AppIcon;
				ASSETCATALOG_COMPILER_GLOBAL_ACCENT_COLOR_NAME = AccentColor;
				CODE_SIGN_STYLE = Automatic;
				DEVELOPMENT_TEAM = 35CZ92B3X5;
				INFOPLIST_FILE = "traffic light/Info.plist";
				LD_RUNPATH_SEARCH_PATHS = (
					"$(inherited)",
					"@executable_path/Frameworks",
				);
				PRODUCT_BUNDLE_IDENTIFIER = "nailzed.traffic-light";
				PRODUCT_NAME = "$(TARGET_NAME)";
				SWIFT_VERSION = 5.0;
				TARGETED_DEVICE_FAMILY = "1,2";
			};
			name = Release;
		};
/* End XCBuildConfiguration section */

/* Begin XCConfigurationList section */
		D3186512259B388A009BBC6E /* Build configuration list for PBXProject "traffic light" */ = {
			isa = XCConfigurationList;
			buildConfigurations = (
				D3186529259B388D009BBC6E /* Debug */,
				D318652A259B388D009BBC6E /* Release */,
			);
			defaultConfigurationIsVisible = 0;
			defaultConfigurationName = Release;
		};
		D318652B259B388D009BBC6E /* Build configuration list for PBXNativeTarget "traffic light" */ = {
			isa = XCConfigurationList;
			buildConfigurations = (
				D318652C259B388D009BBC6E /* Debug */,
				D318652D259B388D009BBC6E /* Release */,
			);
			defaultConfigurationIsVisible = 0;
			defaultConfigurationName = Release;
		};
/* End XCConfigurationList section */
	};
	rootObject = D318650F259B388A009BBC6E /* Project object */;
}
